// !$*UTF8*$!
{
	archiveVersion = 1;
	classes = {
	};
	objectVersion = 56;
	objects = {

/* Begin PBXBuildFile section */
		5CC159A82B67562000D486D0 /* DocViewController.swift in Sources */ = {isa = PBXBuildFile; fileRef = 5CC159A72B67562000D486D0 /* DocViewController.swift */; };
		7A76E5B36DB8712251B590F7 /* Pods_01_RxSwift.framework in Frameworks */ = {isa = PBXBuildFile; fileRef = 7CB3482DE7E3D43B4181507C /* Pods_01_RxSwift.framework */; };
		AB45235B2B620521007DB358 /* AppDelegate.swift in Sources */ = {isa = PBXBuildFile; fileRef = AB45235A2B620521007DB358 /* AppDelegate.swift */; };
		AB45235D2B620521007DB358 /* SceneDelegate.swift in Sources */ = {isa = PBXBuildFile; fileRef = AB45235C2B620521007DB358 /* SceneDelegate.swift */; };
		AB45235F2B620521007DB358 /* ViewController.swift in Sources */ = {isa = PBXBuildFile; fileRef = AB45235E2B620521007DB358 /* ViewController.swift */; };
		AB4523622B620521007DB358 /* Main.storyboard in Resources */ = {isa = PBXBuildFile; fileRef = AB4523602B620521007DB358 /* Main.storyboard */; };
		AB4523642B620522007DB358 /* Assets.xcassets in Resources */ = {isa = PBXBuildFile; fileRef = AB4523632B620522007DB358 /* Assets.xcassets */; };
		AB4523672B620522007DB358 /* LaunchScreen.storyboard in Resources */ = {isa = PBXBuildFile; fileRef = AB4523652B620522007DB358 /* LaunchScreen.storyboard */; };
		AB6EADA32B62113E008DC191 /* Podfile in Resources */ = {isa = PBXBuildFile; fileRef = AB6EADA22B62113E008DC191 /* Podfile */; };
/* End PBXBuildFile section */

/* Begin PBXFileReference section */
		047551BF7CAE2B08252BB2DA /* Pods-01_RxSwift.debug.xcconfig */ = {isa = PBXFileReference; includeInIndex = 1; lastKnownFileType = text.xcconfig; name = "Pods-01_RxSwift.debug.xcconfig"; path = "Target Support Files/Pods-01_RxSwift/Pods-01_RxSwift.debug.xcconfig"; sourceTree = "<group>"; };
		5CC159A72B67562000D486D0 /* DocViewController.swift */ = {isa = PBXFileReference; lastKnownFileType = sourcecode.swift; path = DocViewController.swift; sourceTree = "<group>"; };
		7CB3482DE7E3D43B4181507C /* Pods_01_RxSwift.framework */ = {isa = PBXFileReference; explicitFileType = wrapper.framework; includeInIndex = 0; path = Pods_01_RxSwift.framework; sourceTree = BUILT_PRODUCTS_DIR; };
		9499F593DD9098B3C0153BF9 /* Pods-01_RxSwift.release.xcconfig */ = {isa = PBXFileReference; includeInIndex = 1; lastKnownFileType = text.xcconfig; name = "Pods-01_RxSwift.release.xcconfig"; path = "Target Support Files/Pods-01_RxSwift/Pods-01_RxSwift.release.xcconfig"; sourceTree = "<group>"; };
		AB4523572B620521007DB358 /* 01_RxSwift.app */ = {isa = PBXFileReference; explicitFileType = wrapper.application; includeInIndex = 0; path = 01_RxSwift.app; sourceTree = BUILT_PRODUCTS_DIR; };
		AB45235A2B620521007DB358 /* AppDelegate.swift */ = {isa = PBXFileReference; lastKnownFileType = sourcecode.swift; path = AppDelegate.swift; sourceTree = "<group>"; };
		AB45235C2B620521007DB358 /* SceneDelegate.swift */ = {isa = PBXFileReference; lastKnownFileType = sourcecode.swift; path = SceneDelegate.swift; sourceTree = "<group>"; };
		AB45235E2B620521007DB358 /* ViewController.swift */ = {isa = PBXFileReference; lastKnownFileType = sourcecode.swift; path = ViewController.swift; sourceTree = "<group>"; };
		AB4523612B620521007DB358 /* Base */ = {isa = PBXFileReference; lastKnownFileType = file.storyboard; name = Base; path = Base.lproj/Main.storyboard; sourceTree = "<group>"; };
		AB4523632B620522007DB358 /* Assets.xcassets */ = {isa = PBXFileReference; lastKnownFileType = folder.assetcatalog; path = Assets.xcassets; sourceTree = "<group>"; };
		AB4523662B620522007DB358 /* Base */ = {isa = PBXFileReference; lastKnownFileType = file.storyboard; name = Base; path = Base.lproj/LaunchScreen.storyboard; sourceTree = "<group>"; };
		AB4523682B620522007DB358 /* Info.plist */ = {isa = PBXFileReference; lastKnownFileType = text.plist.xml; path = Info.plist; sourceTree = "<group>"; };
		AB6EADA22B62113E008DC191 /* Podfile */ = {isa = PBXFileReference; fileEncoding = 4; lastKnownFileType = text; path = Podfile; sourceTree = "<group>"; xcLanguageSpecificationIdentifier = xcode.lang.ruby; };
/* End PBXFileReference section */

/* Begin PBXFrameworksBuildPhase section */
		AB4523542B620521007DB358 /* Frameworks */ = {
			isa = PBXFrameworksBuildPhase;
			buildActionMask = 2147483647;
			files = (
				7A76E5B36DB8712251B590F7 /* Pods_01_RxSwift.framework in Frameworks */,
			);
			runOnlyForDeploymentPostprocessing = 0;
		};
/* End PBXFrameworksBuildPhase section */

/* Begin PBXGroup section */
		2F253157D72F39041BDC26DC /* Frameworks */ = {
			isa = PBXGroup;
			children = (
				7CB3482DE7E3D43B4181507C /* Pods_01_RxSwift.framework */,
			);
			name = Frameworks;
			sourceTree = "<group>";
		};
		AB45234E2B620521007DB358 = {
			isa = PBXGroup;
			children = (
				AB6EADA22B62113E008DC191 /* Podfile */,
				AB4523592B620521007DB358 /* 01_RxSwift */,
				AB4523582B620521007DB358 /* Products */,
				C003D5C25356099C5A592E9B /* Pods */,
				2F253157D72F39041BDC26DC /* Frameworks */,
			);
			sourceTree = "<group>";
		};
		AB4523582B620521007DB358 /* Products */ = {
			isa = PBXGroup;
			children = (
				AB4523572B620521007DB358 /* 01_RxSwift.app */,
			);
			name = Products;
			sourceTree = "<group>";
		};
		AB4523592B620521007DB358 /* 01_RxSwift */ = {
			isa = PBXGroup;
			children = (
				AB45235A2B620521007DB358 /* AppDelegate.swift */,
				AB45235C2B620521007DB358 /* SceneDelegate.swift */,
				AB45235E2B620521007DB358 /* ViewController.swift */,
				5CC159A72B67562000D486D0 /* DocViewController.swift */,
				AB4523602B620521007DB358 /* Main.storyboard */,
				AB4523632B620522007DB358 /* Assets.xcassets */,
				AB4523652B620522007DB358 /* LaunchScreen.storyboard */,
				AB4523682B620522007DB358 /* Info.plist */,
			);
			path = 01_RxSwift;
			sourceTree = "<group>";
		};
		C003D5C25356099C5A592E9B /* Pods */ = {
			isa = PBXGroup;
			children = (
				047551BF7CAE2B08252BB2DA /* Pods-01_RxSwift.debug.xcconfig */,
				9499F593DD9098B3C0153BF9 /* Pods-01_RxSwift.release.xcconfig */,
			);
			path = Pods;
			sourceTree = "<group>";
		};
/* End PBXGroup section */

/* Begin PBXNativeTarget section */
		AB4523562B620521007DB358 /* 01_RxSwift */ = {
			isa = PBXNativeTarget;
			buildConfigurationList = AB45236B2B620522007DB358 /* Build configuration list for PBXNativeTarget "01_RxSwift" */;
			buildPhases = (
				259BECBA35DFDE936FC1FE34 /* [CP] Check Pods Manifest.lock */,
				AB4523532B620521007DB358 /* Sources */,
				AB4523542B620521007DB358 /* Frameworks */,
				AB4523552B620521007DB358 /* Resources */,
				8B0670EB4E2A3CCEAFBF1943 /* [CP] Embed Pods Frameworks */,
			);
			buildRules = (
			);
			dependencies = (
			);
			name = 01_RxSwift;
			productName = 01_RxSwift;
			productReference = AB4523572B620521007DB358 /* 01_RxSwift.app */;
			productType = "com.apple.product-type.application";
		};
/* End PBXNativeTarget section */

/* Begin PBXProject section */
		AB45234F2B620521007DB358 /* Project object */ = {
			isa = PBXProject;
			attributes = {
				BuildIndependentTargetsInParallel = 1;
				LastSwiftUpdateCheck = 1420;
				LastUpgradeCheck = 1420;
				TargetAttributes = {
					AB4523562B620521007DB358 = {
						CreatedOnToolsVersion = 14.2;
					};
				};
			};
			buildConfigurationList = AB4523522B620521007DB358 /* Build configuration list for PBXProject "01_RxSwift" */;
			compatibilityVersion = "Xcode 14.0";
			developmentRegion = en;
			hasScannedForEncodings = 0;
			knownRegions = (
				en,
				Base,
			);
			mainGroup = AB45234E2B620521007DB358;
			productRefGroup = AB4523582B620521007DB358 /* Products */;
			projectDirPath = "";
			projectRoot = "";
			targets = (
				AB4523562B620521007DB358 /* 01_RxSwift */,
			);
		};
/* End PBXProject section */

/* Begin PBXResourcesBuildPhase section */
		AB4523552B620521007DB358 /* Resources */ = {
			isa = PBXResourcesBuildPhase;
			buildActionMask = 2147483647;
			files = (
				AB4523672B620522007DB358 /* LaunchScreen.storyboard in Resources */,
				AB4523642B620522007DB358 /* Assets.xcassets in Resources */,
				AB6EADA32B62113E008DC191 /* Podfile in Resources */,
				AB4523622B620521007DB358 /* Main.storyboard in Resources */,
			);
			runOnlyForDeploymentPostprocessing = 0;
		};
/* End PBXResourcesBuildPhase section */

/* Begin PBXShellScriptBuildPhase section */
		259BECBA35DFDE936FC1FE34 /* [CP] Check Pods Manifest.lock */ = {
			isa = PBXShellScriptBuildPhase;
			buildActionMask = 2147483647;
			files = (
			);
			inputFileListPaths = (
			);
			inputPaths = (
				"${PODS_PODFILE_DIR_PATH}/Podfile.lock",
				"${PODS_ROOT}/Manifest.lock",
			);
			name = "[CP] Check Pods Manifest.lock";
			outputFileListPaths = (
			);
			outputPaths = (
				"$(DERIVED_FILE_DIR)/Pods-01_RxSwift-checkManifestLockResult.txt",
			);
			runOnlyForDeploymentPostprocessing = 0;
			shellPath = /bin/sh;
			shellScript = "diff \"${PODS_PODFILE_DIR_PATH}/Podfile.lock\" \"${PODS_ROOT}/Manifest.lock\" > /dev/null\nif [ $? != 0 ] ; then\n    # print error to STDERR\n    echo \"error: The sandbox is not in sync with the Podfile.lock. Run 'pod install' or update your CocoaPods installation.\" >&2\n    exit 1\nfi\n# This output is used by Xcode 'outputs' to avoid re-running this script phase.\necho \"SUCCESS\" > \"${SCRIPT_OUTPUT_FILE_0}\"\n";
			showEnvVarsInLog = 0;
		};
		8B0670EB4E2A3CCEAFBF1943 /* [CP] Embed Pods Frameworks */ = {
			isa = PBXShellScriptBuildPhase;
			buildActionMask = 2147483647;
			files = (
			);
			inputFileListPaths = (
				"${PODS_ROOT}/Target Support Files/Pods-01_RxSwift/Pods-01_RxSwift-frameworks-${CONFIGURATION}-input-files.xcfilelist",
			);
			name = "[CP] Embed Pods Frameworks";
			outputFileListPaths = (
				"${PODS_ROOT}/Target Support Files/Pods-01_RxSwift/Pods-01_RxSwift-frameworks-${CONFIGURATION}-output-files.xcfilelist",
			);
			runOnlyForDeploymentPostprocessing = 0;
			shellPath = /bin/sh;
			shellScript = "\"${PODS_ROOT}/Target Support Files/Pods-01_RxSwift/Pods-01_RxSwift-frameworks.sh\"\n";
			showEnvVarsInLog = 0;
		};
/* End PBXShellScriptBuildPhase section */

/* Begin PBXSourcesBuildPhase section */
		AB4523532B620521007DB358 /* Sources */ = {
			isa = PBXSourcesBuildPhase;
			buildActionMask = 2147483647;
			files = (
				AB45235F2B620521007DB358 /* ViewController.swift in Sources */,
				AB45235B2B620521007DB358 /* AppDelegate.swift in Sources */,
				AB45235D2B620521007DB358 /* SceneDelegate.swift in Sources */,
				5CC159A82B67562000D486D0 /* DocViewController.swift in Sources */,
			);
			runOnlyForDeploymentPostprocessing = 0;
		};
/* End PBXSourcesBuildPhase section */

/* Begin PBXVariantGroup section */
		AB4523602B620521007DB358 /* Main.storyboard */ = {
			isa = PBXVariantGroup;
			children = (
				AB4523612B620521007DB358 /* Base */,
			);
			name = Main.storyboard;
			sourceTree = "<group>";
		};
		AB4523652B620522007DB358 /* LaunchScreen.storyboard */ = {
			isa = PBXVariantGroup;
			children = (
				AB4523662B620522007DB358 /* Base */,
			);
			name = LaunchScreen.storyboard;
			sourceTree = "<group>";
		};
/* End PBXVariantGroup section */

/* Begin XCBuildConfiguration section */
		AB4523692B620522007DB358 /* Debug */ = {
			isa = XCBuildConfiguration;
			buildSettings = {
				ALWAYS_SEARCH_USER_PATHS = NO;
				CLANG_ANALYZER_NONNULL = YES;
				CLANG_ANALYZER_NUMBER_OBJECT_CONVERSION = YES_AGGRESSIVE;
				CLANG_CXX_LANGUAGE_STANDARD = "gnu++20";
				CLANG_ENABLE_MODULES = YES;
				CLANG_ENABLE_OBJC_ARC = YES;
				CLANG_ENABLE_OBJC_WEAK = YES;
				CLANG_WARN_BLOCK_CAPTURE_AUTORELEASING = YES;
				CLANG_WARN_BOOL_CONVERSION = YES;
				CLANG_WARN_COMMA = YES;
				CLANG_WARN_CONSTANT_CONVERSION = YES;
				CLANG_WARN_DEPRECATED_OBJC_IMPLEMENTATIONS = YES;
				CLANG_WARN_DIRECT_OBJC_ISA_USAGE = YES_ERROR;
				CLANG_WARN_DOCUMENTATION_COMMENTS = YES;
				CLANG_WARN_EMPTY_BODY = YES;
				CLANG_WARN_ENUM_CONVERSION = YES;
				CLANG_WARN_INFINITE_RECURSION = YES;
				CLANG_WARN_INT_CONVERSION = YES;
				CLANG_WARN_NON_LITERAL_NULL_CONVERSION = YES;
				CLANG_WARN_OBJC_IMPLICIT_RETAIN_SELF = YES;
				CLANG_WARN_OBJC_LITERAL_CONVERSION = YES;
				CLANG_WARN_OBJC_ROOT_CLASS = YES_ERROR;
				CLANG_WARN_QUOTED_INCLUDE_IN_FRAMEWORK_HEADER = YES;
				CLANG_WARN_RANGE_LOOP_ANALYSIS = YES;
				CLANG_WARN_STRICT_PROTOTYPES = YES;
				CLANG_WARN_SUSPICIOUS_MOVE = YES;
				CLANG_WARN_UNGUARDED_AVAILABILITY = YES_AGGRESSIVE;
				CLANG_WARN_UNREACHABLE_CODE = YES;
				CLANG_WARN__DUPLICATE_METHOD_MATCH = YES;
				COPY_PHASE_STRIP = NO;
				DEBUG_INFORMATION_FORMAT = dwarf;
				ENABLE_STRICT_OBJC_MSGSEND = YES;
				ENABLE_TESTABILITY = YES;
				GCC_C_LANGUAGE_STANDARD = gnu11;
				GCC_DYNAMIC_NO_PIC = NO;
				GCC_NO_COMMON_BLOCKS = YES;
				GCC_OPTIMIZATION_LEVEL = 0;
				GCC_PREPROCESSOR_DEFINITIONS = (
					"DEBUG=1",
					"$(inherited)",
				);
				GCC_WARN_64_TO_32_BIT_CONVERSION = YES;
				GCC_WARN_ABOUT_RETURN_TYPE = YES_ERROR;
				GCC_WARN_UNDECLARED_SELECTOR = YES;
				GCC_WARN_UNINITIALIZED_AUTOS = YES_AGGRESSIVE;
				GCC_WARN_UNUSED_FUNCTION = YES;
				GCC_WARN_UNUSED_VARIABLE = YES;
				IPHONEOS_DEPLOYMENT_TARGET = 16.2;
				MTL_ENABLE_DEBUG_INFO = INCLUDE_SOURCE;
				MTL_FAST_MATH = YES;
				ONLY_ACTIVE_ARCH = YES;
				SDKROOT = iphoneos;
				SWIFT_ACTIVE_COMPILATION_CONDITIONS = DEBUG;
				SWIFT_OPTIMIZATION_LEVEL = "-Onone";
			};
			name = Debug;
		};
		AB45236A2B620522007DB358 /* Release */ = {
			isa = XCBuildConfiguration;
			buildSettings = {
				ALWAYS_SEARCH_USER_PATHS = NO;
				CLANG_ANALYZER_NONNULL = YES;
				CLANG_ANALYZER_NUMBER_OBJECT_CONVERSION = YES_AGGRESSIVE;
				CLANG_CXX_LANGUAGE_STANDARD = "gnu++20";
				CLANG_ENABLE_MODULES = YES;
				CLANG_ENABLE_OBJC_ARC = YES;
				CLANG_ENABLE_OBJC_WEAK = YES;
				CLANG_WARN_BLOCK_CAPTURE_AUTORELEASING = YES;
				CLANG_WARN_BOOL_CONVERSION = YES;
				CLANG_WARN_COMMA = YES;
				CLANG_WARN_CONSTANT_CONVERSION = YES;
				CLANG_WARN_DEPRECATED_OBJC_IMPLEMENTATIONS = YES;
				CLANG_WARN_DIRECT_OBJC_ISA_USAGE = YES_ERROR;
				CLANG_WARN_DOCUMENTATION_COMMENTS = YES;
				CLANG_WARN_EMPTY_BODY = YES;
				CLANG_WARN_ENUM_CONVERSION = YES;
				CLANG_WARN_INFINITE_RECURSION = YES;
				CLANG_WARN_INT_CONVERSION = YES;
				CLANG_WARN_NON_LITERAL_NULL_CONVERSION = YES;
				CLANG_WARN_OBJC_IMPLICIT_RETAIN_SELF = YES;
				CLANG_WARN_OBJC_LITERAL_CONVERSION = YES;
				CLANG_WARN_OBJC_ROOT_CLASS = YES_ERROR;
				CLANG_WARN_QUOTED_INCLUDE_IN_FRAMEWORK_HEADER = YES;
				CLANG_WARN_RANGE_LOOP_ANALYSIS = YES;
				CLANG_WARN_STRICT_PROTOTYPES = YES;
				CLANG_WARN_SUSPICIOUS_MOVE = YES;
				CLANG_WARN_UNGUARDED_AVAILABILITY = YES_AGGRESSIVE;
				CLANG_WARN_UNREACHABLE_CODE = YES;
				CLANG_WARN__DUPLICATE_METHOD_MATCH = YES;
				COPY_PHASE_STRIP = NO;
				DEBUG_INFORMATION_FORMAT = "dwarf-with-dsym";
				ENABLE_NS_ASSERTIONS = NO;
				ENABLE_STRICT_OBJC_MSGSEND = YES;
				GCC_C_LANGUAGE_STANDARD = gnu11;
				GCC_NO_COMMON_BLOCKS = YES;
				GCC_WARN_64_TO_32_BIT_CONVERSION = YES;
				GCC_WARN_ABOUT_RETURN_TYPE = YES_ERROR;
				GCC_WARN_UNDECLARED_SELECTOR = YES;
				GCC_WARN_UNINITIALIZED_AUTOS = YES_AGGRESSIVE;
				GCC_WARN_UNUSED_FUNCTION = YES;
				GCC_WARN_UNUSED_VARIABLE = YES;
				IPHONEOS_DEPLOYMENT_TARGET = 16.2;
				MTL_ENABLE_DEBUG_INFO = NO;
				MTL_FAST_MATH = YES;
				SDKROOT = iphoneos;
				SWIFT_COMPILATION_MODE = wholemodule;
				SWIFT_OPTIMIZATION_LEVEL = "-O";
				VALIDATE_PRODUCT = YES;
			};
			name = Release;
		};
		AB45236C2B620522007DB358 /* Debug */ = {
			isa = XCBuildConfiguration;
			baseConfigurationReference = 047551BF7CAE2B08252BB2DA /* Pods-01_RxSwift.debug.xcconfig */;
			buildSettings = {
				ASSETCATALOG_COMPILER_APPICON_NAME = AppIcon;
				ASSETCATALOG_COMPILER_GLOBAL_ACCENT_COLOR_NAME = AccentColor;
				CODE_SIGN_STYLE = Automatic;
				CURRENT_PROJECT_VERSION = 1;
				GENERATE_INFOPLIST_FILE = YES;
				INFOPLIST_FILE = 01_RxSwift/Info.plist;
				INFOPLIST_KEY_UIApplicationSupportsIndirectInputEvents = YES;
				INFOPLIST_KEY_UILaunchStoryboardName = LaunchScreen;
				INFOPLIST_KEY_UIMainStoryboardFile = Main;
				INFOPLIST_KEY_UISupportedInterfaceOrientations_iPad = "UIInterfaceOrientationPortrait UIInterfaceOrientationPortraitUpsideDown UIInterfaceOrientationLandscapeLeft UIInterfaceOrientationLandscapeRight";
				INFOPLIST_KEY_UISupportedInterfaceOrientations_iPhone = "UIInterfaceOrientationPortrait UIInterfaceOrientationLandscapeLeft UIInterfaceOrientationLandscapeRight";
				IPHONEOS_DEPLOYMENT_TARGET = 13.0;
				LD_RUNPATH_SEARCH_PATHS = (
					"$(inherited)",
					"@executable_path/Frameworks",
				);
				MARKETING_VERSION = 1.0;
				PRODUCT_BUNDLE_IDENTIFIER = "kr.co.test.-1-RxSwift";
				PRODUCT_NAME = "$(TARGET_NAME)";
				SWIFT_EMIT_LOC_STRINGS = YES;
				SWIFT_VERSION = 5.0;
				TARGETED_DEVICE_FAMILY = "1,2";
			};
			name = Debug;
		};
		AB45236D2B620522007DB358 /* Release */ = {
			isa = XCBuildConfiguration;
			baseConfigurationReference = 9499F593DD9098B3C0153BF9 /* Pods-01_RxSwift.release.xcconfig */;
			buildSettings = {
				ASSETCATALOG_COMPILER_APPICON_NAME = AppIcon;
				ASSETCATALOG_COMPILER_GLOBAL_ACCENT_COLOR_NAME = AccentColor;
				CODE_SIGN_STYLE = Automatic;
				CURRENT_PROJECT_VERSION = 1;
				GENERATE_INFOPLIST_FILE = YES;
				INFOPLIST_FILE = 01_RxSwift/Info.plist;
				INFOPLIST_KEY_UIApplicationSupportsIndirectInputEvents = YES;
				INFOPLIST_KEY_UILaunchStoryboardName = LaunchScreen;
				INFOPLIST_KEY_UIMainStoryboardFile = Main;
				INFOPLIST_KEY_UISupportedInterfaceOrientations_iPad = "UIInterfaceOrientationPortrait UIInterfaceOrientationPortraitUpsideDown UIInterfaceOrientationLandscapeLeft UIInterfaceOrientationLandscapeRight";
				INFOPLIST_KEY_UISupportedInterfaceOrientations_iPhone = "UIInterfaceOrientationPortrait UIInterfaceOrientationLandscapeLeft UIInterfaceOrientationLandscapeRight";
				IPHONEOS_DEPLOYMENT_TARGET = 13.0;
				LD_RUNPATH_SEARCH_PATHS = (
					"$(inherited)",
					"@executable_path/Frameworks",
				);
				MARKETING_VERSION = 1.0;
				PRODUCT_BUNDLE_IDENTIFIER = "kr.co.test.-1-RxSwift";
				PRODUCT_NAME = "$(TARGET_NAME)";
				SWIFT_EMIT_LOC_STRINGS = YES;
				SWIFT_VERSION = 5.0;
				TARGETED_DEVICE_FAMILY = "1,2";
			};
			name = Release;
		};
/* End XCBuildConfiguration section */

/* Begin XCConfigurationList section */
		AB4523522B620521007DB358 /* Build configuration list for PBXProject "01_RxSwift" */ = {
			isa = XCConfigurationList;
			buildConfigurations = (
				AB4523692B620522007DB358 /* Debug */,
				AB45236A2B620522007DB358 /* Release */,
			);
			defaultConfigurationIsVisible = 0;
			defaultConfigurationName = Release;
		};
		AB45236B2B620522007DB358 /* Build configuration list for PBXNativeTarget "01_RxSwift" */ = {
			isa = XCConfigurationList;
			buildConfigurations = (
				AB45236C2B620522007DB358 /* Debug */,
				AB45236D2B620522007DB358 /* Release */,
			);
			defaultConfigurationIsVisible = 0;
			defaultConfigurationName = Release;
		};
/* End XCConfigurationList section */
	};
	rootObject = AB45234F2B620521007DB358 /* Project object */;
}
